
Microsoft Visual Studio Solution File, Format Version 12.00
# Visual Studio 15
VisualStudioVersion = 15.0.28307.421
MinimumVisualStudioVersion = 10.0.40219.1
Project("{9A19103F-16F7-4668-BE54-9A1E7A4F7556}") = "SocketServer", "SocketServer\SocketServer.csproj", "{883CA58F-0842-4CCF-A92C-D765D34588EE}"
EndProject
Project("{FAE04EC0-301F-11D3-BF4B-00C04F79EFBC}") = "SocketServerV2", "SocketServerV2\SocketServerV2.csproj", "{D32BE72B-49CC-4850-9653-9E4327C92236}"
EndProject
Global
	GlobalSection(SolutionConfigurationPlatforms) = preSolution
		Debug|Any CPU = Debug|Any CPU
		Release|Any CPU = Release|Any CPU
	EndGlobalSection
	GlobalSection(ProjectConfigurationPlatforms) = postSolution
		{883CA58F-0842-4CCF-A92C-D765D34588EE}.Debug|Any CPU.ActiveCfg = Debug|Any CPU
		{883CA58F-0842-4CCF-A92C-D765D34588EE}.Debug|Any CPU.Build.0 = Debug|Any CPU
		{883CA58F-0842-4CCF-A92C-D765D34588EE}.Release|Any CPU.ActiveCfg = Release|Any CPU
		{883CA58F-0842-4CCF-A92C-D765D34588EE}.Release|Any CPU.Build.0 = Release|Any CPU
		{D32BE72B-49CC-4850-9653-9E4327C92236}.Debug|Any CPU.ActiveCfg = Debug|Any CPU
		{D32BE72B-49CC-4850-9653-9E4327C92236}.Debug|Any CPU.Build.0 = Debug|Any CPU
		{D32BE72B-49CC-4850-9653-9E4327C92236}.Release|Any CPU.ActiveCfg = Release|Any CPU
		{D32BE72B-49CC-4850-9653-9E4327C92236}.Release|Any CPU.Build.0 = Release|Any CPU
	EndGlobalSection
	GlobalSection(SolutionProperties) = preSolution
		HideSolutionNode = FALSE
	EndGlobalSection
	GlobalSection(ExtensibilityGlobals) = postSolution
		SolutionGuid = {6F475547-3485-41FB-917F-FDC8ED3130AC}
	EndGlobalSection
EndGlobal
